// !$*UTF8*$!
{
	archiveVersion = 1;
	classes = {
	};
	objectVersion = 51;
	objects = {

/* Begin PBXBuildFile section */
		4200AD3F254DF1FB005E62E4 /* libopus.a in Frameworks */ = {isa = PBXBuildFile; fileRef = 4200AD3E254DF1FB005E62E4 /* libopus.a */; };
		42EDAB56254B787000C41A9A /* AppDelegate.swift in Sources */ = {isa = PBXBuildFile; fileRef = 42EDAB55254B787000C41A9A /* AppDelegate.swift */; };
		42EDAB58254B787000C41A9A /* SceneDelegate.swift in Sources */ = {isa = PBXBuildFile; fileRef = 42EDAB57254B787000C41A9A /* SceneDelegate.swift */; };
		42EDAB5A254B787000C41A9A /* ViewController.swift in Sources */ = {isa = PBXBuildFile; fileRef = 42EDAB59254B787000C41A9A /* ViewController.swift */; };
		42EDAB5D254B787000C41A9A /* Main.storyboard in Resources */ = {isa = PBXBuildFile; fileRef = 42EDAB5B254B787000C41A9A /* Main.storyboard */; };
		42EDAB5F254B787200C41A9A /* Assets.xcassets in Resources */ = {isa = PBXBuildFile; fileRef = 42EDAB5E254B787200C41A9A /* Assets.xcassets */; };
		42EDAB62254B787200C41A9A /* LaunchScreen.storyboard in Resources */ = {isa = PBXBuildFile; fileRef = 42EDAB60254B787200C41A9A /* LaunchScreen.storyboard */; };
		42EDAB70254B7F3300C41A9A /* opusKit.c in Sources */ = {isa = PBXBuildFile; fileRef = 42EDAB6F254B7F3300C41A9A /* opusKit.c */; };
		42EDAB72254B7F5800C41A9A /* include in Resources */ = {isa = PBXBuildFile; fileRef = 42EDAB71254B7F5800C41A9A /* include */; };
		42EDAB7C254B87C500C41A9A /* RingBufferStatus.swift in Sources */ = {isa = PBXBuildFile; fileRef = 42EDAB7B254B87C500C41A9A /* RingBufferStatus.swift */; };
		42EDAB7E254B87F900C41A9A /* OpusSwiftPort.swift in Sources */ = {isa = PBXBuildFile; fileRef = 42EDAB7D254B87F900C41A9A /* OpusSwiftPort.swift */; };
		DEB4D660EAB1A674881D957C /* Pods_testOpus.framework in Frameworks */ = {isa = PBXBuildFile; fileRef = CC353CC92E3EED4023954C59 /* Pods_testOpus.framework */; };
/* End PBXBuildFile section */

/* Begin PBXFileReference section */
		4200AD3E254DF1FB005E62E4 /* libopus.a */ = {isa = PBXFileReference; lastKnownFileType = archive.ar; name = libopus.a; path = "../../obuild/Debug-iphoneos/libopus.a"; sourceTree = "<group>"; };
		42EDAB52254B787000C41A9A /* testOpus.app */ = {isa = PBXFileReference; explicitFileType = wrapper.application; includeInIndex = 0; path = testOpus.app; sourceTree = BUILT_PRODUCTS_DIR; };
		42EDAB55254B787000C41A9A /* AppDelegate.swift */ = {isa = PBXFileReference; lastKnownFileType = sourcecode.swift; path = AppDelegate.swift; sourceTree = "<group>"; };
		42EDAB57254B787000C41A9A /* SceneDelegate.swift */ = {isa = PBXFileReference; lastKnownFileType = sourcecode.swift; path = SceneDelegate.swift; sourceTree = "<group>"; };
		42EDAB59254B787000C41A9A /* ViewController.swift */ = {isa = PBXFileReference; lastKnownFileType = sourcecode.swift; path = ViewController.swift; sourceTree = "<group>"; };
		42EDAB5C254B787000C41A9A /* Base */ = {isa = PBXFileReference; lastKnownFileType = file.storyboard; name = Base; path = Base.lproj/Main.storyboard; sourceTree = "<group>"; };
		42EDAB5E254B787200C41A9A /* Assets.xcassets */ = {isa = PBXFileReference; lastKnownFileType = folder.assetcatalog; path = Assets.xcassets; sourceTree = "<group>"; };
		42EDAB61254B787200C41A9A /* Base */ = {isa = PBXFileReference; lastKnownFileType = file.storyboard; name = Base; path = Base.lproj/LaunchScreen.storyboard; sourceTree = "<group>"; };
		42EDAB63254B787200C41A9A /* Info.plist */ = {isa = PBXFileReference; lastKnownFileType = text.plist.xml; path = Info.plist; sourceTree = "<group>"; };
		42EDAB6D254B7F3300C41A9A /* testOpus-Bridging-Header.h */ = {isa = PBXFileReference; lastKnownFileType = sourcecode.c.h; path = "testOpus-Bridging-Header.h"; sourceTree = "<group>"; };
		42EDAB6E254B7F3300C41A9A /* opusKit.h */ = {isa = PBXFileReference; lastKnownFileType = sourcecode.c.h; path = opusKit.h; sourceTree = "<group>"; };
		42EDAB6F254B7F3300C41A9A /* opusKit.c */ = {isa = PBXFileReference; lastKnownFileType = sourcecode.c.c; path = opusKit.c; sourceTree = "<group>"; };
		42EDAB71254B7F5800C41A9A /* include */ = {isa = PBXFileReference; lastKnownFileType = folder; path = include; sourceTree = "<group>"; };
		42EDAB7B254B87C500C41A9A /* RingBufferStatus.swift */ = {isa = PBXFileReference; lastKnownFileType = sourcecode.swift; path = RingBufferStatus.swift; sourceTree = "<group>"; };
		42EDAB7D254B87F900C41A9A /* OpusSwiftPort.swift */ = {isa = PBXFileReference; lastKnownFileType = sourcecode.swift; path = OpusSwiftPort.swift; sourceTree = "<group>"; };
		8E1CFBF016F6DEE152B79F76 /* Pods-testOpus.debug.xcconfig */ = {isa = PBXFileReference; includeInIndex = 1; lastKnownFileType = text.xcconfig; name = "Pods-testOpus.debug.xcconfig"; path = "Target Support Files/Pods-testOpus/Pods-testOpus.debug.xcconfig"; sourceTree = "<group>"; };
		CC353CC92E3EED4023954C59 /* Pods_testOpus.framework */ = {isa = PBXFileReference; explicitFileType = wrapper.framework; includeInIndex = 0; path = Pods_testOpus.framework; sourceTree = BUILT_PRODUCTS_DIR; };
		D76DC823B4C4CAC9C589DD05 /* Pods-testOpus.release.xcconfig */ = {isa = PBXFileReference; includeInIndex = 1; lastKnownFileType = text.xcconfig; name = "Pods-testOpus.release.xcconfig"; path = "Target Support Files/Pods-testOpus/Pods-testOpus.release.xcconfig"; sourceTree = "<group>"; };
/* End PBXFileReference section */

/* Begin PBXFrameworksBuildPhase section */
		42EDAB4F254B787000C41A9A /* Frameworks */ = {
			isa = PBXFrameworksBuildPhase;
			buildActionMask = 2147483647;
			files = (
				4200AD3F254DF1FB005E62E4 /* libopus.a in Frameworks */,
				DEB4D660EAB1A674881D957C /* Pods_testOpus.framework in Frameworks */,
			);
			runOnlyForDeploymentPostprocessing = 0;
		};
/* End PBXFrameworksBuildPhase section */

/* Begin PBXGroup section */
		42EDAB49254B787000C41A9A = {
			isa = PBXGroup;
			children = (
				42EDAB54254B787000C41A9A /* testOpus */,
				42EDAB53254B787000C41A9A /* Products */,
				42EDAB69254B789400C41A9A /* Frameworks */,
				C082E4DE369C619930E899C3 /* Pods */,
			);
			sourceTree = "<group>";
		};
		42EDAB53254B787000C41A9A /* Products */ = {
			isa = PBXGroup;
			children = (
				42EDAB52254B787000C41A9A /* testOpus.app */,
			);
			name = Products;
			sourceTree = "<group>";
		};
		42EDAB54254B787000C41A9A /* testOpus */ = {
			isa = PBXGroup;
			children = (
				42EDAB6C254B7F1500C41A9A /* c port */,
				42EDAB55254B787000C41A9A /* AppDelegate.swift */,
				42EDAB57254B787000C41A9A /* SceneDelegate.swift */,
				42EDAB59254B787000C41A9A /* ViewController.swift */,
				42EDAB7B254B87C500C41A9A /* RingBufferStatus.swift */,
				42EDAB5B254B787000C41A9A /* Main.storyboard */,
				42EDAB5E254B787200C41A9A /* Assets.xcassets */,
				42EDAB60254B787200C41A9A /* LaunchScreen.storyboard */,
				42EDAB63254B787200C41A9A /* Info.plist */,
			);
			path = testOpus;
			sourceTree = "<group>";
		};
		42EDAB69254B789400C41A9A /* Frameworks */ = {
			isa = PBXGroup;
			children = (
				4200AD3E254DF1FB005E62E4 /* libopus.a */,
				CC353CC92E3EED4023954C59 /* Pods_testOpus.framework */,
			);
			name = Frameworks;
			sourceTree = "<group>";
		};
		42EDAB6C254B7F1500C41A9A /* c port */ = {
			isa = PBXGroup;
			children = (
				42EDAB71254B7F5800C41A9A /* include */,
				42EDAB6E254B7F3300C41A9A /* opusKit.h */,
				42EDAB6F254B7F3300C41A9A /* opusKit.c */,
				42EDAB6D254B7F3300C41A9A /* testOpus-Bridging-Header.h */,
				42EDAB7D254B87F900C41A9A /* OpusSwiftPort.swift */,
			);
			path = "c port";
			sourceTree = "<group>";
		};
		C082E4DE369C619930E899C3 /* Pods */ = {
			isa = PBXGroup;
			children = (
				8E1CFBF016F6DEE152B79F76 /* Pods-testOpus.debug.xcconfig */,
				D76DC823B4C4CAC9C589DD05 /* Pods-testOpus.release.xcconfig */,
			);
			path = Pods;
			sourceTree = "<group>";
		};
/* End PBXGroup section */

/* Begin PBXNativeTarget section */
		42EDAB51254B787000C41A9A /* testOpus */ = {
			isa = PBXNativeTarget;
			buildConfigurationList = 42EDAB66254B787200C41A9A /* Build configuration list for PBXNativeTarget "testOpus" */;
			buildPhases = (
				B73428DE11F9E3FC76396194 /* [CP] Check Pods Manifest.lock */,
				42EDAB4E254B787000C41A9A /* Sources */,
				42EDAB4F254B787000C41A9A /* Frameworks */,
				42EDAB50254B787000C41A9A /* Resources */,
				32AC187060CFE671540394B1 /* [CP] Embed Pods Frameworks */,
			);
			buildRules = (
			);
			dependencies = (
			);
			name = testOpus;
			productName = testOpus;
			productReference = 42EDAB52254B787000C41A9A /* testOpus.app */;
			productType = "com.apple.product-type.application";
		};
/* End PBXNativeTarget section */

/* Begin PBXProject section */
		42EDAB4A254B787000C41A9A /* Project object */ = {
			isa = PBXProject;
			attributes = {
				LastSwiftUpdateCheck = 1170;
				LastUpgradeCheck = 1170;
				ORGANIZATIONNAME = "Ahmed Adm";
				TargetAttributes = {
					42EDAB51254B787000C41A9A = {
						CreatedOnToolsVersion = 11.7;
						LastSwiftMigration = 1170;
					};
				};
			};
			buildConfigurationList = 42EDAB4D254B787000C41A9A /* Build configuration list for PBXProject "testOpus" */;
			compatibilityVersion = "Xcode 9.3";
			developmentRegion = en;
			hasScannedForEncodings = 0;
			knownRegions = (
				en,
				Base,
			);
			mainGroup = 42EDAB49254B787000C41A9A;
			productRefGroup = 42EDAB53254B787000C41A9A /* Products */;
			projectDirPath = "";
			projectRoot = "";
			targets = (
				42EDAB51254B787000C41A9A /* testOpus */,
			);
		};
/* End PBXProject section */

/* Begin PBXResourcesBuildPhase section */
		42EDAB50254B787000C41A9A /* Resources */ = {
			isa = PBXResourcesBuildPhase;
			buildActionMask = 2147483647;
			files = (
				42EDAB62254B787200C41A9A /* LaunchScreen.storyboard in Resources */,
				42EDAB5F254B787200C41A9A /* Assets.xcassets in Resources */,
				42EDAB5D254B787000C41A9A /* Main.storyboard in Resources */,
				42EDAB72254B7F5800C41A9A /* include in Resources */,
			);
			runOnlyForDeploymentPostprocessing = 0;
		};
/* End PBXResourcesBuildPhase section */

/* Begin PBXShellScriptBuildPhase section */
		32AC187060CFE671540394B1 /* [CP] Embed Pods Frameworks */ = {
			isa = PBXShellScriptBuildPhase;
			buildActionMask = 2147483647;
			files = (
			);
			inputFileListPaths = (
				"${PODS_ROOT}/Target Support Files/Pods-testOpus/Pods-testOpus-frameworks-${CONFIGURATION}-input-files.xcfilelist",
			);
			name = "[CP] Embed Pods Frameworks";
			outputFileListPaths = (
				"${PODS_ROOT}/Target Support Files/Pods-testOpus/Pods-testOpus-frameworks-${CONFIGURATION}-output-files.xcfilelist",
			);
			runOnlyForDeploymentPostprocessing = 0;
			shellPath = /bin/sh;
			shellScript = "\"${PODS_ROOT}/Target Support Files/Pods-testOpus/Pods-testOpus-frameworks.sh\"\n";
			showEnvVarsInLog = 0;
		};
		B73428DE11F9E3FC76396194 /* [CP] Check Pods Manifest.lock */ = {
			isa = PBXShellScriptBuildPhase;
			buildActionMask = 2147483647;
			files = (
			);
			inputFileListPaths = (
			);
			inputPaths = (
				"${PODS_PODFILE_DIR_PATH}/Podfile.lock",
				"${PODS_ROOT}/Manifest.lock",
			);
			name = "[CP] Check Pods Manifest.lock";
			outputFileListPaths = (
			);
			outputPaths = (
				"$(DERIVED_FILE_DIR)/Pods-testOpus-checkManifestLockResult.txt",
			);
			runOnlyForDeploymentPostprocessing = 0;
			shellPath = /bin/sh;
			shellScript = "diff \"${PODS_PODFILE_DIR_PATH}/Podfile.lock\" \"${PODS_ROOT}/Manifest.lock\" > /dev/null\nif [ $? != 0 ] ; then\n    # print error to STDERR\n    echo \"error: The sandbox is not in sync with the Podfile.lock. Run 'pod install' or update your CocoaPods installation.\" >&2\n    exit 1\nfi\n# This output is used by Xcode 'outputs' to avoid re-running this script phase.\necho \"SUCCESS\" > \"${SCRIPT_OUTPUT_FILE_0}\"\n";
			showEnvVarsInLog = 0;
		};
/* End PBXShellScriptBuildPhase section */

/* Begin PBXSourcesBuildPhase section */
		42EDAB4E254B787000C41A9A /* Sources */ = {
			isa = PBXSourcesBuildPhase;
			buildActionMask = 2147483647;
			files = (
				42EDAB5A254B787000C41A9A /* ViewController.swift in Sources */,
				42EDAB7E254B87F900C41A9A /* OpusSwiftPort.swift in Sources */,
				42EDAB7C254B87C500C41A9A /* RingBufferStatus.swift in Sources */,
				42EDAB70254B7F3300C41A9A /* opusKit.c in Sources */,
				42EDAB56254B787000C41A9A /* AppDelegate.swift in Sources */,
				42EDAB58254B787000C41A9A /* SceneDelegate.swift in Sources */,
			);
			runOnlyForDeploymentPostprocessing = 0;
		};
/* End PBXSourcesBuildPhase section */

/* Begin PBXVariantGroup section */
		42EDAB5B254B787000C41A9A /* Main.storyboard */ = {
			isa = PBXVariantGroup;
			children = (
				42EDAB5C254B787000C41A9A /* Base */,
			);
			name = Main.storyboard;
			sourceTree = "<group>";
		};
		42EDAB60254B787200C41A9A /* LaunchScreen.storyboard */ = {
			isa = PBXVariantGroup;
			children = (
				42EDAB61254B787200C41A9A /* Base */,
			);
			name = LaunchScreen.storyboard;
			sourceTree = "<group>";
		};
/* End PBXVariantGroup section */

/* Begin XCBuildConfiguration section */
		42EDAB64254B787200C41A9A /* Debug */ = {
			isa = XCBuildConfiguration;
			buildSettings = {
				ALWAYS_SEARCH_USER_PATHS = NO;
				CLANG_ANALYZER_NONNULL = YES;
				CLANG_ANALYZER_NUMBER_OBJECT_CONVERSION = YES_AGGRESSIVE;
				CLANG_CXX_LANGUAGE_STANDARD = "gnu++14";
				CLANG_CXX_LIBRARY = "libc++";
				CLANG_ENABLE_MODULES = YES;
				CLANG_ENABLE_OBJC_ARC = YES;
				CLANG_ENABLE_OBJC_WEAK = YES;
				CLANG_WARN_BLOCK_CAPTURE_AUTORELEASING = YES;
				CLANG_WARN_BOOL_CONVERSION = YES;
				CLANG_WARN_COMMA = YES;
				CLANG_WARN_CONSTANT_CONVERSION = YES;
				CLANG_WARN_DEPRECATED_OBJC_IMPLEMENTATIONS = YES;
				CLANG_WARN_DIRECT_OBJC_ISA_USAGE = YES_ERROR;
				CLANG_WARN_DOCUMENTATION_COMMENTS = YES;
				CLANG_WARN_EMPTY_BODY = YES;
				CLANG_WARN_ENUM_CONVERSION = YES;
				CLANG_WARN_INFINITE_RECURSION = YES;
				CLANG_WARN_INT_CONVERSION = YES;
				CLANG_WARN_NON_LITERAL_NULL_CONVERSION = YES;
				CLANG_WARN_OBJC_IMPLICIT_RETAIN_SELF = YES;
				CLANG_WARN_OBJC_LITERAL_CONVERSION = YES;
				CLANG_WARN_OBJC_ROOT_CLASS = YES_ERROR;
				CLANG_WARN_RANGE_LOOP_ANALYSIS = YES;
				CLANG_WARN_STRICT_PROTOTYPES = YES;
				CLANG_WARN_SUSPICIOUS_MOVE = YES;
				CLANG_WARN_UNGUARDED_AVAILABILITY = YES_AGGRESSIVE;
				CLANG_WARN_UNREACHABLE_CODE = YES;
				CLANG_WARN__DUPLICATE_METHOD_MATCH = YES;
				COPY_PHASE_STRIP = NO;
				DEBUG_INFORMATION_FORMAT = dwarf;
				ENABLE_STRICT_OBJC_MSGSEND = YES;
				ENABLE_TESTABILITY = YES;
				GCC_C_LANGUAGE_STANDARD = gnu11;
				GCC_DYNAMIC_NO_PIC = NO;
				GCC_NO_COMMON_BLOCKS = YES;
				GCC_OPTIMIZATION_LEVEL = 0;
				GCC_PREPROCESSOR_DEFINITIONS = (
					"DEBUG=1",
					"$(inherited)",
				);
				GCC_WARN_64_TO_32_BIT_CONVERSION = YES;
				GCC_WARN_ABOUT_RETURN_TYPE = YES_ERROR;
				GCC_WARN_UNDECLARED_SELECTOR = YES;
				GCC_WARN_UNINITIALIZED_AUTOS = YES_AGGRESSIVE;
				GCC_WARN_UNUSED_FUNCTION = YES;
				GCC_WARN_UNUSED_VARIABLE = YES;
				IPHONEOS_DEPLOYMENT_TARGET = 13.7;
				MTL_ENABLE_DEBUG_INFO = INCLUDE_SOURCE;
				MTL_FAST_MATH = YES;
				ONLY_ACTIVE_ARCH = YES;
				SDKROOT = iphoneos;
				SWIFT_ACTIVE_COMPILATION_CONDITIONS = DEBUG;
				SWIFT_OPTIMIZATION_LEVEL = "-Onone";
			};
			name = Debug;
		};
		42EDAB65254B787200C41A9A /* Release */ = {
			isa = XCBuildConfiguration;
			buildSettings = {
				ALWAYS_SEARCH_USER_PATHS = NO;
				CLANG_ANALYZER_NONNULL = YES;
				CLANG_ANALYZER_NUMBER_OBJECT_CONVERSION = YES_AGGRESSIVE;
				CLANG_CXX_LANGUAGE_STANDARD = "gnu++14";
				CLANG_CXX_LIBRARY = "libc++";
				CLANG_ENABLE_MODULES = YES;
				CLANG_ENABLE_OBJC_ARC = YES;
				CLANG_ENABLE_OBJC_WEAK = YES;
				CLANG_WARN_BLOCK_CAPTURE_AUTORELEASING = YES;
				CLANG_WARN_BOOL_CONVERSION = YES;
				CLANG_WARN_COMMA = YES;
				CLANG_WARN_CONSTANT_CONVERSION = YES;
				CLANG_WARN_DEPRECATED_OBJC_IMPLEMENTATIONS = YES;
				CLANG_WARN_DIRECT_OBJC_ISA_USAGE = YES_ERROR;
				CLANG_WARN_DOCUMENTATION_COMMENTS = YES;
				CLANG_WARN_EMPTY_BODY = YES;
				CLANG_WARN_ENUM_CONVERSION = YES;
				CLANG_WARN_INFINITE_RECURSION = YES;
				CLANG_WARN_INT_CONVERSION = YES;
				CLANG_WARN_NON_LITERAL_NULL_CONVERSION = YES;
				CLANG_WARN_OBJC_IMPLICIT_RETAIN_SELF = YES;
				CLANG_WARN_OBJC_LITERAL_CONVERSION = YES;
				CLANG_WARN_OBJC_ROOT_CLASS = YES_ERROR;
				CLANG_WARN_RANGE_LOOP_ANALYSIS = YES;
				CLANG_WARN_STRICT_PROTOTYPES = YES;
				CLANG_WARN_SUSPICIOUS_MOVE = YES;
				CLANG_WARN_UNGUARDED_AVAILABILITY = YES_AGGRESSIVE;
				CLANG_WARN_UNREACHABLE_CODE = YES;
				CLANG_WARN__DUPLICATE_METHOD_MATCH = YES;
				COPY_PHASE_STRIP = NO;
				DEBUG_INFORMATION_FORMAT = "dwarf-with-dsym";
				ENABLE_NS_ASSERTIONS = NO;
				ENABLE_STRICT_OBJC_MSGSEND = YES;
				GCC_C_LANGUAGE_STANDARD = gnu11;
				GCC_NO_COMMON_BLOCKS = YES;
				GCC_WARN_64_TO_32_BIT_CONVERSION = YES;
				GCC_WARN_ABOUT_RETURN_TYPE = YES_ERROR;
				GCC_WARN_UNDECLARED_SELECTOR = YES;
				GCC_WARN_UNINITIALIZED_AUTOS = YES_AGGRESSIVE;
				GCC_WARN_UNUSED_FUNCTION = YES;
				GCC_WARN_UNUSED_VARIABLE = YES;
				IPHONEOS_DEPLOYMENT_TARGET = 13.7;
				MTL_ENABLE_DEBUG_INFO = NO;
				MTL_FAST_MATH = YES;
				SDKROOT = iphoneos;
				SWIFT_COMPILATION_MODE = wholemodule;
				SWIFT_OPTIMIZATION_LEVEL = "-O";
				VALIDATE_PRODUCT = YES;
			};
			name = Release;
		};
		42EDAB67254B787200C41A9A /* Debug */ = {
			isa = XCBuildConfiguration;
			baseConfigurationReference = 8E1CFBF016F6DEE152B79F76 /* Pods-testOpus.debug.xcconfig */;
			buildSettings = {
				ASSETCATALOG_COMPILER_APPICON_NAME = AppIcon;
				CLANG_ENABLE_MODULES = YES;
				CODE_SIGN_STYLE = Automatic;
				CURRENT_PROJECT_VERSION = 3;
				DEVELOPMENT_TEAM = 63KB3Y5XUK;
				ENABLE_BITCODE = NO;
				GCC_OPTIMIZATION_LEVEL = 3;
				INFOPLIST_FILE = testOpus/Info.plist;
				IPHONEOS_DEPLOYMENT_TARGET = 11.0;
				LD_RUNPATH_SEARCH_PATHS = (
					"$(inherited)",
					"@executable_path/Frameworks",
				);
				LIBRARY_SEARCH_PATHS = (
					"$(inherited)",
					"$(PROJECT_DIR)/testOpus",
					"$(PROJECT_DIR)",
				);
				PRODUCT_BUNDLE_IDENTIFIER = ahmed.adm.testOpus;
				PRODUCT_NAME = "$(TARGET_NAME)";
				SWIFT_OBJC_BRIDGING_HEADER = "testOpus/c port/testOpus-Bridging-Header.h";
				SWIFT_OPTIMIZATION_LEVEL = "-Onone";
				SWIFT_VERSION = 5.0;
				SYSTEM_HEADER_SEARCH_PATHS = (
					"\"$(SRCROOT)/testOpus/c port/include/opus_custom.h\"",
					"\"$(SRCROOT)/testOpus/c port/include/opus_defines.h\"",
					"\"$(SRCROOT)/testOpus/c port/include/opus_multistream.h\"",
					"\"$(SRCROOT)/testOpus/c port/include/opus_projection.h\"",
					"\"$(SRCROOT)/testOpus/c port/include/opus_types.h\"",
					"\"$(SRCROOT)/testOpus/c port/include/opus.h\"",
					"\"$(SRCROOT)/testOpus/c port/include/**\"/**",
				);
				TARGETED_DEVICE_FAMILY = 1;
			};
			name = Debug;
		};
		42EDAB68254B787200C41A9A /* Release */ = {
			isa = XCBuildConfiguration;
			baseConfigurationReference = D76DC823B4C4CAC9C589DD05 /* Pods-testOpus.release.xcconfig */;
			buildSettings = {
				ASSETCATALOG_COMPILER_APPICON_NAME = AppIcon;
				CLANG_ENABLE_MODULES = YES;
				CODE_SIGN_STYLE = Automatic;
				CURRENT_PROJECT_VERSION = 3;
				DEVELOPMENT_TEAM = 63KB3Y5XUK;
				ENABLE_BITCODE = NO;
				GCC_OPTIMIZATION_LEVEL = 3;
				INFOPLIST_FILE = testOpus/Info.plist;
				IPHONEOS_DEPLOYMENT_TARGET = 11.0;
				LD_RUNPATH_SEARCH_PATHS = (
					"$(inherited)",
					"@executable_path/Frameworks",
				);
				LIBRARY_SEARCH_PATHS = (
					"$(inherited)",
					"$(PROJECT_DIR)/testOpus",
					"$(PROJECT_DIR)",
				);
				PRODUCT_BUNDLE_IDENTIFIER = ahmed.adm.testOpus;
				PRODUCT_NAME = "$(TARGET_NAME)";
				SWIFT_OBJC_BRIDGING_HEADER = "testOpus/c port/testOpus-Bridging-Header.h";
				SWIFT_OPTIMIZATION_LEVEL = "-Onone";
				SWIFT_VERSION = 5.0;
				SYSTEM_HEADER_SEARCH_PATHS = (
					"\"$(SRCROOT)/testOpus/c port/include/opus_custom.h\"",
					"\"$(SRCROOT)/testOpus/c port/include/opus_defines.h\"",
					"\"$(SRCROOT)/testOpus/c port/include/opus_multistream.h\"",
					"\"$(SRCROOT)/testOpus/c port/include/opus_projection.h\"",
					"\"$(SRCROOT)/testOpus/c port/include/opus_types.h\"",
					"\"$(SRCROOT)/testOpus/c port/include/opus.h\"",
					"\"$(SRCROOT)/testOpus/c port/include/**\"/**",
				);
				TARGETED_DEVICE_FAMILY = 1;
			};
			name = Release;
		};
/* End XCBuildConfiguration section */

/* Begin XCConfigurationList section */
		42EDAB4D254B787000C41A9A /* Build configuration list for PBXProject "testOpus" */ = {
			isa = XCConfigurationList;
			buildConfigurations = (
				42EDAB64254B787200C41A9A /* Debug */,
				42EDAB65254B787200C41A9A /* Release */,
			);
			defaultConfigurationIsVisible = 0;
			defaultConfigurationName = Release;
		};
		42EDAB66254B787200C41A9A /* Build configuration list for PBXNativeTarget "testOpus" */ = {
			isa = XCConfigurationList;
			buildConfigurations = (
				42EDAB67254B787200C41A9A /* Debug */,
				42EDAB68254B787200C41A9A /* Release */,
			);
			defaultConfigurationIsVisible = 0;
			defaultConfigurationName = Release;
		};
/* End XCConfigurationList section */
	};
	rootObject = 42EDAB4A254B787000C41A9A /* Project object */;
}
